
Microsoft Visual Studio Solution File, Format Version 12.00
# Visual Studio Version 17
VisualStudioVersion = 17.10.35122.118
MinimumVisualStudioVersion = 10.0.40219.1
Project("{FAE04EC0-301F-11D3-BF4B-00C04F79EFBC}") = "KzPatch", "KzPatch\KzPatch.csproj", "{60E3CEF0-13B2-4026-B56B-432637DDB152}"
EndProject
Global
	GlobalSection(SolutionConfigurationPlatforms) = preSolution
		Debug|Any CPU = Debug|Any CPU
		Release|Any CPU = Release|Any CPU
	EndGlobalSection
	GlobalSection(ProjectConfigurationPlatforms) = postSolution
		{60E3CEF0-13B2-4026-B56B-432637DDB152}.Debug|Any CPU.ActiveCfg = Debug|Any CPU
		{60E3CEF0-13B2-4026-B56B-432637DDB152}.Debug|Any CPU.Build.0 = Debug|Any CPU
		{60E3CEF0-13B2-4026-B56B-432637DDB152}.Release|Any CPU.ActiveCfg = Release|Any CPU
		{60E3CEF0-13B2-4026-B56B-432637DDB152}.Release|Any CPU.Build.0 = Release|Any CPU
	EndGlobalSection
	GlobalSection(SolutionProperties) = preSolution
		HideSolutionNode = FALSE
	EndGlobalSection
	GlobalSection(ExtensibilityGlobals) = postSolution
		SolutionGuid = {42366ECC-DC53-4BB5-8B7B-B266E3F0EDF6}
	EndGlobalSection
EndGlobal
